// !$*UTF8*$!
{
	archiveVersion = 1;
	classes = {
	};
	objectVersion = 46;
	objects = {

/* Begin PBXBuildFile section */
		133A0D50A95D2FA2C30B34F6 /* libPods.a in Frameworks */ = {isa = PBXBuildFile; fileRef = 38B57ED9E14C57208409F92B /* libPods.a */; };
		468F1A191C4F63BB004AF966 /* main.m in Sources */ = {isa = PBXBuildFile; fileRef = 468F1A181C4F63BB004AF966 /* main.m */; };
		468F1A1C1C4F63BB004AF966 /* AppDelegate.m in Sources */ = {isa = PBXBuildFile; fileRef = 468F1A1B1C4F63BB004AF966 /* AppDelegate.m */; };
		468F1A221C4F63BB004AF966 /* Main.storyboard in Resources */ = {isa = PBXBuildFile; fileRef = 468F1A201C4F63BB004AF966 /* Main.storyboard */; };
		468F1A241C4F63BB004AF966 /* Assets.xcassets in Resources */ = {isa = PBXBuildFile; fileRef = 468F1A231C4F63BB004AF966 /* Assets.xcassets */; };
		468F1A271C4F63BB004AF966 /* LaunchScreen.storyboard in Resources */ = {isa = PBXBuildFile; fileRef = 468F1A251C4F63BB004AF966 /* LaunchScreen.storyboard */; };
		468F1A7F1C4F661F004AF966 /* CHXErrorCodeDescription.m in Sources */ = {isa = PBXBuildFile; fileRef = 468F1A6B1C4F661F004AF966 /* CHXErrorCodeDescription.m */; };
		468F1A801C4F661F004AF966 /* CHXRequest.m in Sources */ = {isa = PBXBuildFile; fileRef = 468F1A6F1C4F661F004AF966 /* CHXRequest.m */; };
		468F1A811C4F661F004AF966 /* CHXRequest+CHXRequestCommand.m in Sources */ = {isa = PBXBuildFile; fileRef = 468F1A711C4F661F004AF966 /* CHXRequest+CHXRequestCommand.m */; };
		468F1A821C4F661F004AF966 /* CHXRequest+ResponseHandler.m in Sources */ = {isa = PBXBuildFile; fileRef = 468F1A741C4F661F004AF966 /* CHXRequest+ResponseHandler.m */; };
		468F1A831C4F661F004AF966 /* CHXRequestCommand.m in Sources */ = {isa = PBXBuildFile; fileRef = 468F1A761C4F661F004AF966 /* CHXRequestCommand.m */; };
		468F1A841C4F661F004AF966 /* CHXResponseCache.m in Sources */ = {isa = PBXBuildFile; fileRef = 468F1A7C1C4F661F004AF966 /* CHXResponseCache.m */; };
		468F1A851C4F661F004AF966 /* NSObject+ObjcRuntime.m in Sources */ = {isa = PBXBuildFile; fileRef = 468F1A7E1C4F661F004AF966 /* NSObject+ObjcRuntime.m */; };
		468F1A921C4F66C2004AF966 /* CHXBaseRequest.m in Sources */ = {isa = PBXBuildFile; fileRef = 468F1A881C4F66C2004AF966 /* CHXBaseRequest.m */; };
		468F1A931C4F66C2004AF966 /* CHXDownLoadRequest.m in Sources */ = {isa = PBXBuildFile; fileRef = 468F1A8A1C4F66C2004AF966 /* CHXDownLoadRequest.m */; };
		468F1A941C4F66C2004AF966 /* CHXPromoteProductListRequest.m in Sources */ = {isa = PBXBuildFile; fileRef = 468F1A8C1C4F66C2004AF966 /* CHXPromoteProductListRequest.m */; };
		468F1A951C4F66C2004AF966 /* NSDataExtension.m in Sources */ = {isa = PBXBuildFile; fileRef = 468F1A8F1C4F66C2004AF966 /* NSDataExtension.m */; };
		468F1A961C4F66C2004AF966 /* NSString+MD5.m in Sources */ = {isa = PBXBuildFile; fileRef = 468F1A911C4F66C2004AF966 /* NSString+MD5.m */; };
		468F1A991C4F66E0004AF966 /* ViewController.m in Sources */ = {isa = PBXBuildFile; fileRef = 468F1A981C4F66E0004AF966 /* ViewController.m */; };
/* End PBXBuildFile section */

/* Begin PBXFileReference section */
		38B57ED9E14C57208409F92B /* libPods.a */ = {isa = PBXFileReference; explicitFileType = archive.ar; includeInIndex = 0; path = libPods.a; sourceTree = BUILT_PRODUCTS_DIR; };
		468F1A141C4F63BB004AF966 /* CHXNetworkingWrapper.app */ = {isa = PBXFileReference; explicitFileType = wrapper.application; includeInIndex = 0; path = CHXNetworkingWrapper.app; sourceTree = BUILT_PRODUCTS_DIR; };
		468F1A181C4F63BB004AF966 /* main.m */ = {isa = PBXFileReference; lastKnownFileType = sourcecode.c.objc; path = main.m; sourceTree = "<group>"; };
		468F1A1A1C4F63BB004AF966 /* AppDelegate.h */ = {isa = PBXFileReference; lastKnownFileType = sourcecode.c.h; path = AppDelegate.h; sourceTree = "<group>"; };
		468F1A1B1C4F63BB004AF966 /* AppDelegate.m */ = {isa = PBXFileReference; lastKnownFileType = sourcecode.c.objc; path = AppDelegate.m; sourceTree = "<group>"; };
		468F1A211C4F63BB004AF966 /* Base */ = {isa = PBXFileReference; lastKnownFileType = file.storyboard; name = Base; path = Base.lproj/Main.storyboard; sourceTree = "<group>"; };
		468F1A231C4F63BB004AF966 /* Assets.xcassets */ = {isa = PBXFileReference; lastKnownFileType = folder.assetcatalog; path = Assets.xcassets; sourceTree = "<group>"; };
		468F1A261C4F63BB004AF966 /* Base */ = {isa = PBXFileReference; lastKnownFileType = file.storyboard; name = Base; path = Base.lproj/LaunchScreen.storyboard; sourceTree = "<group>"; };
		468F1A281C4F63BB004AF966 /* Info.plist */ = {isa = PBXFileReference; lastKnownFileType = text.plist.xml; path = Info.plist; sourceTree = "<group>"; };
		468F1A6A1C4F661F004AF966 /* CHXErrorCodeDescription.h */ = {isa = PBXFileReference; fileEncoding = 4; lastKnownFileType = sourcecode.c.h; path = CHXErrorCodeDescription.h; sourceTree = "<group>"; };
		468F1A6B1C4F661F004AF966 /* CHXErrorCodeDescription.m */ = {isa = PBXFileReference; fileEncoding = 4; lastKnownFileType = sourcecode.c.objc; path = CHXErrorCodeDescription.m; sourceTree = "<group>"; };
		468F1A6C1C4F661F004AF966 /* CHXMacro.h */ = {isa = PBXFileReference; fileEncoding = 4; lastKnownFileType = sourcecode.c.h; path = CHXMacro.h; sourceTree = "<group>"; };
		468F1A6D1C4F661F004AF966 /* CHXNetworkingWrapper.h */ = {isa = PBXFileReference; fileEncoding = 4; lastKnownFileType = sourcecode.c.h; path = CHXNetworkingWrapper.h; sourceTree = "<group>"; };
		468F1A6E1C4F661F004AF966 /* CHXRequest.h */ = {isa = PBXFileReference; fileEncoding = 4; lastKnownFileType = sourcecode.c.h; path = CHXRequest.h; sourceTree = "<group>"; };
		468F1A6F1C4F661F004AF966 /* CHXRequest.m */ = {isa = PBXFileReference; fileEncoding = 4; lastKnownFileType = sourcecode.c.objc; path = CHXRequest.m; sourceTree = "<group>"; };
		468F1A701C4F661F004AF966 /* CHXRequest+CHXRequestCommand.h */ = {isa = PBXFileReference; fileEncoding = 4; lastKnownFileType = sourcecode.c.h; path = "CHXRequest+CHXRequestCommand.h"; sourceTree = "<group>"; };
		468F1A711C4F661F004AF966 /* CHXRequest+CHXRequestCommand.m */ = {isa = PBXFileReference; fileEncoding = 4; lastKnownFileType = sourcecode.c.objc; path = "CHXRequest+CHXRequestCommand.m"; sourceTree = "<group>"; };
		468F1A721C4F661F004AF966 /* CHXRequest+Private.h */ = {isa = PBXFileReference; fileEncoding = 4; lastKnownFileType = sourcecode.c.h; path = "CHXRequest+Private.h"; sourceTree = "<group>"; };
		468F1A731C4F661F004AF966 /* CHXRequest+ResponseHandler.h */ = {isa = PBXFileReference; fileEncoding = 4; lastKnownFileType = sourcecode.c.h; path = "CHXRequest+ResponseHandler.h"; sourceTree = "<group>"; };
		468F1A741C4F661F004AF966 /* CHXRequest+ResponseHandler.m */ = {isa = PBXFileReference; fileEncoding = 4; lastKnownFileType = sourcecode.c.objc; path = "CHXRequest+ResponseHandler.m"; sourceTree = "<group>"; };
		468F1A751C4F661F004AF966 /* CHXRequestCommand.h */ = {isa = PBXFileReference; fileEncoding = 4; lastKnownFileType = sourcecode.c.h; path = CHXRequestCommand.h; sourceTree = "<group>"; };
		468F1A761C4F661F004AF966 /* CHXRequestCommand.m */ = {isa = PBXFileReference; fileEncoding = 4; lastKnownFileType = sourcecode.c.objc; path = CHXRequestCommand.m; sourceTree = "<group>"; };
		468F1A771C4F661F004AF966 /* CHXRequestCommandProtocol.h */ = {isa = PBXFileReference; fileEncoding = 4; lastKnownFileType = sourcecode.c.h; path = CHXRequestCommandProtocol.h; sourceTree = "<group>"; };
		468F1A781C4F661F004AF966 /* CHXRequestConstructProtocol.h */ = {isa = PBXFileReference; fileEncoding = 4; lastKnownFileType = sourcecode.c.h; path = CHXRequestConstructProtocol.h; sourceTree = "<group>"; };
		468F1A791C4F661F004AF966 /* CHXRequestEnum.h */ = {isa = PBXFileReference; fileEncoding = 4; lastKnownFileType = sourcecode.c.h; path = CHXRequestEnum.h; sourceTree = "<group>"; };
		468F1A7A1C4F661F004AF966 /* CHXRequestRetrieveProtocol.h */ = {isa = PBXFileReference; fileEncoding = 4; lastKnownFileType = sourcecode.c.h; path = CHXRequestRetrieveProtocol.h; sourceTree = "<group>"; };
		468F1A7B1C4F661F004AF966 /* CHXResponseCache.h */ = {isa = PBXFileReference; fileEncoding = 4; lastKnownFileType = sourcecode.c.h; path = CHXResponseCache.h; sourceTree = "<group>"; };
		468F1A7C1C4F661F004AF966 /* CHXResponseCache.m */ = {isa = PBXFileReference; fileEncoding = 4; lastKnownFileType = sourcecode.c.objc; path = CHXResponseCache.m; sourceTree = "<group>"; };
		468F1A7D1C4F661F004AF966 /* NSObject+ObjcRuntime.h */ = {isa = PBXFileReference; fileEncoding = 4; lastKnownFileType = sourcecode.c.h; path = "NSObject+ObjcRuntime.h"; sourceTree = "<group>"; };
		468F1A7E1C4F661F004AF966 /* NSObject+ObjcRuntime.m */ = {isa = PBXFileReference; fileEncoding = 4; lastKnownFileType = sourcecode.c.objc; path = "NSObject+ObjcRuntime.m"; sourceTree = "<group>"; };
		468F1A871C4F66C2004AF966 /* CHXBaseRequest.h */ = {isa = PBXFileReference; fileEncoding = 4; lastKnownFileType = sourcecode.c.h; path = CHXBaseRequest.h; sourceTree = "<group>"; };
		468F1A881C4F66C2004AF966 /* CHXBaseRequest.m */ = {isa = PBXFileReference; fileEncoding = 4; lastKnownFileType = sourcecode.c.objc; path = CHXBaseRequest.m; sourceTree = "<group>"; };
		468F1A891C4F66C2004AF966 /* CHXDownLoadRequest.h */ = {isa = PBXFileReference; fileEncoding = 4; lastKnownFileType = sourcecode.c.h; path = CHXDownLoadRequest.h; sourceTree = "<group>"; };
		468F1A8A1C4F66C2004AF966 /* CHXDownLoadRequest.m */ = {isa = PBXFileReference; fileEncoding = 4; lastKnownFileType = sourcecode.c.objc; path = CHXDownLoadRequest.m; sourceTree = "<group>"; };
		468F1A8B1C4F66C2004AF966 /* CHXPromoteProductListRequest.h */ = {isa = PBXFileReference; fileEncoding = 4; lastKnownFileType = sourcecode.c.h; path = CHXPromoteProductListRequest.h; sourceTree = "<group>"; };
		468F1A8C1C4F66C2004AF966 /* CHXPromoteProductListRequest.m */ = {isa = PBXFileReference; fileEncoding = 4; lastKnownFileType = sourcecode.c.objc; path = CHXPromoteProductListRequest.m; sourceTree = "<group>"; };
		468F1A8E1C4F66C2004AF966 /* NSDataExtension.h */ = {isa = PBXFileReference; fileEncoding = 4; lastKnownFileType = sourcecode.c.h; path = NSDataExtension.h; sourceTree = "<group>"; };
		468F1A8F1C4F66C2004AF966 /* NSDataExtension.m */ = {isa = PBXFileReference; fileEncoding = 4; lastKnownFileType = sourcecode.c.objc; path = NSDataExtension.m; sourceTree = "<group>"; };
		468F1A901C4F66C2004AF966 /* NSString+MD5.h */ = {isa = PBXFileReference; fileEncoding = 4; lastKnownFileType = sourcecode.c.h; path = "NSString+MD5.h"; sourceTree = "<group>"; };
		468F1A911C4F66C2004AF966 /* NSString+MD5.m */ = {isa = PBXFileReference; fileEncoding = 4; lastKnownFileType = sourcecode.c.objc; path = "NSString+MD5.m"; sourceTree = "<group>"; };
		468F1A971C4F66E0004AF966 /* ViewController.h */ = {isa = PBXFileReference; fileEncoding = 4; lastKnownFileType = sourcecode.c.h; path = ViewController.h; sourceTree = "<group>"; };
		468F1A981C4F66E0004AF966 /* ViewController.m */ = {isa = PBXFileReference; fileEncoding = 4; lastKnownFileType = sourcecode.c.objc; path = ViewController.m; sourceTree = "<group>"; };
		9A41064E8BB616DD04CA5C43 /* Pods.release.xcconfig */ = {isa = PBXFileReference; includeInIndex = 1; lastKnownFileType = text.xcconfig; name = Pods.release.xcconfig; path = "Pods/Target Support Files/Pods/Pods.release.xcconfig"; sourceTree = "<group>"; };
		9F8F16D992CF4F50BF6EEA33 /* Pods.debug.xcconfig */ = {isa = PBXFileReference; includeInIndex = 1; lastKnownFileType = text.xcconfig; name = Pods.debug.xcconfig; path = "Pods/Target Support Files/Pods/Pods.debug.xcconfig"; sourceTree = "<group>"; };
/* End PBXFileReference section */

/* Begin PBXFrameworksBuildPhase section */
		468F1A111C4F63BB004AF966 /* Frameworks */ = {
			isa = PBXFrameworksBuildPhase;
			buildActionMask = 2147483647;
			files = (
				133A0D50A95D2FA2C30B34F6 /* libPods.a in Frameworks */,
			);
			runOnlyForDeploymentPostprocessing = 0;
		};
/* End PBXFrameworksBuildPhase section */

/* Begin PBXGroup section */
		26197F50C16304394C175CC0 /* Pods */ = {
			isa = PBXGroup;
			children = (
				9F8F16D992CF4F50BF6EEA33 /* Pods.debug.xcconfig */,
				9A41064E8BB616DD04CA5C43 /* Pods.release.xcconfig */,
			);
			name = Pods;
			sourceTree = "<group>";
		};
		468F1A0B1C4F63BB004AF966 = {
			isa = PBXGroup;
			children = (
				468F1A161C4F63BB004AF966 /* CHXNetworkingWrapper */,
				5129A246EEF2218E0F9675DE /* Frameworks */,
				26197F50C16304394C175CC0 /* Pods */,
				468F1A151C4F63BB004AF966 /* Products */,
			);
			sourceTree = "<group>";
		};
		468F1A151C4F63BB004AF966 /* Products */ = {
			isa = PBXGroup;
			children = (
				468F1A141C4F63BB004AF966 /* CHXNetworkingWrapper.app */,
			);
			name = Products;
			sourceTree = "<group>";
		};
		468F1A161C4F63BB004AF966 /* CHXNetworkingWrapper */ = {
			isa = PBXGroup;
			children = (
				468F1A2E1C4F63D0004AF966 /* Sample */,
				468F1A691C4F6618004AF966 /* Sources */,
			);
			path = CHXNetworkingWrapper;
			sourceTree = "<group>";
		};
		468F1A2E1C4F63D0004AF966 /* Sample */ = {
			isa = PBXGroup;
			children = (
				468F1A301C4F63E3004AF966 /* Application */,
				468F1A861C4F66C2004AF966 /* Request */,
				468F1A8D1C4F66C2004AF966 /* Vendors */,
				468F1A231C4F63BB004AF966 /* Assets.xcassets */,
				468F1A971C4F66E0004AF966 /* ViewController.h */,
				468F1A981C4F66E0004AF966 /* ViewController.m */,
			);
			path = Sample;
			sourceTree = "<group>";
		};
		468F1A301C4F63E3004AF966 /* Application */ = {
			isa = PBXGroup;
			children = (
				468F1A1A1C4F63BB004AF966 /* AppDelegate.h */,
				468F1A1B1C4F63BB004AF966 /* AppDelegate.m */,
				468F1A281C4F63BB004AF966 /* Info.plist */,
				468F1A251C4F63BB004AF966 /* LaunchScreen.storyboard */,
				468F1A201C4F63BB004AF966 /* Main.storyboard */,
				468F1A181C4F63BB004AF966 /* main.m */,
			);
			path = Application;
			sourceTree = "<group>";
		};
		468F1A691C4F6618004AF966 /* Sources */ = {
			isa = PBXGroup;
			children = (
				468F1A6A1C4F661F004AF966 /* CHXErrorCodeDescription.h */,
				468F1A6B1C4F661F004AF966 /* CHXErrorCodeDescription.m */,
				468F1A6C1C4F661F004AF966 /* CHXMacro.h */,
				468F1A6D1C4F661F004AF966 /* CHXNetworkingWrapper.h */,
				468F1A701C4F661F004AF966 /* CHXRequest+CHXRequestCommand.h */,
				468F1A711C4F661F004AF966 /* CHXRequest+CHXRequestCommand.m */,
				468F1A721C4F661F004AF966 /* CHXRequest+Private.h */,
				468F1A731C4F661F004AF966 /* CHXRequest+ResponseHandler.h */,
				468F1A741C4F661F004AF966 /* CHXRequest+ResponseHandler.m */,
				468F1A6E1C4F661F004AF966 /* CHXRequest.h */,
				468F1A6F1C4F661F004AF966 /* CHXRequest.m */,
				468F1A751C4F661F004AF966 /* CHXRequestCommand.h */,
				468F1A761C4F661F004AF966 /* CHXRequestCommand.m */,
				468F1A771C4F661F004AF966 /* CHXRequestCommandProtocol.h */,
				468F1A781C4F661F004AF966 /* CHXRequestConstructProtocol.h */,
				468F1A791C4F661F004AF966 /* CHXRequestEnum.h */,
				468F1A7A1C4F661F004AF966 /* CHXRequestRetrieveProtocol.h */,
				468F1A7B1C4F661F004AF966 /* CHXResponseCache.h */,
				468F1A7C1C4F661F004AF966 /* CHXResponseCache.m */,
				468F1A7D1C4F661F004AF966 /* NSObject+ObjcRuntime.h */,
				468F1A7E1C4F661F004AF966 /* NSObject+ObjcRuntime.m */,
			);
			path = Sources;
			sourceTree = "<group>";
		};
		468F1A861C4F66C2004AF966 /* Request */ = {
			isa = PBXGroup;
			children = (
				468F1A871C4F66C2004AF966 /* CHXBaseRequest.h */,
				468F1A881C4F66C2004AF966 /* CHXBaseRequest.m */,
				468F1A891C4F66C2004AF966 /* CHXDownLoadRequest.h */,
				468F1A8A1C4F66C2004AF966 /* CHXDownLoadRequest.m */,
				468F1A8B1C4F66C2004AF966 /* CHXPromoteProductListRequest.h */,
				468F1A8C1C4F66C2004AF966 /* CHXPromoteProductListRequest.m */,
			);
			path = Request;
			sourceTree = "<group>";
		};
		468F1A8D1C4F66C2004AF966 /* Vendors */ = {
			isa = PBXGroup;
			children = (
				468F1A8E1C4F66C2004AF966 /* NSDataExtension.h */,
				468F1A8F1C4F66C2004AF966 /* NSDataExtension.m */,
				468F1A901C4F66C2004AF966 /* NSString+MD5.h */,
				468F1A911C4F66C2004AF966 /* NSString+MD5.m */,
			);
			path = Vendors;
			sourceTree = "<group>";
		};
		5129A246EEF2218E0F9675DE /* Frameworks */ = {
			isa = PBXGroup;
			children = (
				38B57ED9E14C57208409F92B /* libPods.a */,
			);
			name = Frameworks;
			sourceTree = "<group>";
		};
/* End PBXGroup section */

/* Begin PBXNativeTarget section */
		468F1A131C4F63BB004AF966 /* CHXNetworkingWrapper */ = {
			isa = PBXNativeTarget;
			buildConfigurationList = 468F1A2B1C4F63BB004AF966 /* Build configuration list for PBXNativeTarget "CHXNetworkingWrapper" */;
			buildPhases = (
				7D0BD34AB798B02E7D08AD81 /* Check Pods Manifest.lock */,
				468F1A101C4F63BB004AF966 /* Sources */,
				468F1A111C4F63BB004AF966 /* Frameworks */,
				468F1A121C4F63BB004AF966 /* Resources */,
				021ED7CA79FF306A553385D4 /* Embed Pods Frameworks */,
				6AABAC48B3B3F8FFA069726E /* Copy Pods Resources */,
			);
			buildRules = (
			);
			dependencies = (
			);
			name = CHXNetworkingWrapper;
			productName = CHXNetworkingWrapper;
			productReference = 468F1A141C4F63BB004AF966 /* CHXNetworkingWrapper.app */;
			productType = "com.apple.product-type.application";
		};
/* End PBXNativeTarget section */

/* Begin PBXProject section */
		468F1A0C1C4F63BB004AF966 /* Project object */ = {
			isa = PBXProject;
			attributes = {
				LastUpgradeCheck = 0720;
				ORGANIZATIONNAME = Moch;
				TargetAttributes = {
					468F1A131C4F63BB004AF966 = {
						CreatedOnToolsVersion = 7.2;
					};
				};
			};
			buildConfigurationList = 468F1A0F1C4F63BB004AF966 /* Build configuration list for PBXProject "CHXNetworkingWrapper" */;
			compatibilityVersion = "Xcode 3.2";
			developmentRegion = English;
			hasScannedForEncodings = 0;
			knownRegions = (
				en,
				Base,
			);
			mainGroup = 468F1A0B1C4F63BB004AF966;
			productRefGroup = 468F1A151C4F63BB004AF966 /* Products */;
			projectDirPath = "";
			projectRoot = "";
			targets = (
				468F1A131C4F63BB004AF966 /* CHXNetworkingWrapper */,
			);
		};
/* End PBXProject section */

/* Begin PBXResourcesBuildPhase section */
		468F1A121C4F63BB004AF966 /* Resources */ = {
			isa = PBXResourcesBuildPhase;
			buildActionMask = 2147483647;
			files = (
				468F1A271C4F63BB004AF966 /* LaunchScreen.storyboard in Resources */,
				468F1A241C4F63BB004AF966 /* Assets.xcassets in Resources */,
				468F1A221C4F63BB004AF966 /* Main.storyboard in Resources */,
			);
			runOnlyForDeploymentPostprocessing = 0;
		};
/* End PBXResourcesBuildPhase section */

/* Begin PBXShellScriptBuildPhase section */
		021ED7CA79FF306A553385D4 /* Embed Pods Frameworks */ = {
			isa = PBXShellScriptBuildPhase;
			buildActionMask = 2147483647;
			files = (
			);
			inputPaths = (
			);
			name = "Embed Pods Frameworks";
			outputPaths = (
			);
			runOnlyForDeploymentPostprocessing = 0;
			shellPath = /bin/sh;
			shellScript = "\"${SRCROOT}/Pods/Target Support Files/Pods/Pods-frameworks.sh\"\n";
			showEnvVarsInLog = 0;
		};
		6AABAC48B3B3F8FFA069726E /* Copy Pods Resources */ = {
			isa = PBXShellScriptBuildPhase;
			buildActionMask = 2147483647;
			files = (
			);
			inputPaths = (
			);
			name = "Copy Pods Resources";
			outputPaths = (
			);
			runOnlyForDeploymentPostprocessing = 0;
			shellPath = /bin/sh;
			shellScript = "\"${SRCROOT}/Pods/Target Support Files/Pods/Pods-resources.sh\"\n";
			showEnvVarsInLog = 0;
		};
		7D0BD34AB798B02E7D08AD81 /* Check Pods Manifest.lock */ = {
			isa = PBXShellScriptBuildPhase;
			buildActionMask = 2147483647;
			files = (
			);
			inputPaths = (
			);
			name = "Check Pods Manifest.lock";
			outputPaths = (
			);
			runOnlyForDeploymentPostprocessing = 0;
			shellPath = /bin/sh;
			shellScript = "diff \"${PODS_ROOT}/../Podfile.lock\" \"${PODS_ROOT}/Manifest.lock\" > /dev/null\nif [[ $? != 0 ]] ; then\n    cat << EOM\nerror: The sandbox is not in sync with the Podfile.lock. Run 'pod install' or update your CocoaPods installation.\nEOM\n    exit 1\nfi\n";
			showEnvVarsInLog = 0;
		};
/* End PBXShellScriptBuildPhase section */

/* Begin PBXSourcesBuildPhase section */
		468F1A101C4F63BB004AF966 /* Sources */ = {
			isa = PBXSourcesBuildPhase;
			buildActionMask = 2147483647;
			files = (
				468F1A941C4F66C2004AF966 /* CHXPromoteProductListRequest.m in Sources */,
				468F1A7F1C4F661F004AF966 /* CHXErrorCodeDescription.m in Sources */,
				468F1A951C4F66C2004AF966 /* NSDataExtension.m in Sources */,
				468F1A841C4F661F004AF966 /* CHXResponseCache.m in Sources */,
				468F1A831C4F661F004AF966 /* CHXRequestCommand.m in Sources */,
				468F1A931C4F66C2004AF966 /* CHXDownLoadRequest.m in Sources */,
				468F1A821C4F661F004AF966 /* CHXRequest+ResponseHandler.m in Sources */,
				468F1A811C4F661F004AF966 /* CHXRequest+CHXRequestCommand.m in Sources */,
				468F1A851C4F661F004AF966 /* NSObject+ObjcRuntime.m in Sources */,
				468F1A991C4F66E0004AF966 /* ViewController.m in Sources */,
				468F1A801C4F661F004AF966 /* CHXRequest.m in Sources */,
				468F1A1C1C4F63BB004AF966 /* AppDelegate.m in Sources */,
				468F1A961C4F66C2004AF966 /* NSString+MD5.m in Sources */,
				468F1A191C4F63BB004AF966 /* main.m in Sources */,
				468F1A921C4F66C2004AF966 /* CHXBaseRequest.m in Sources */,
			);
			runOnlyForDeploymentPostprocessing = 0;
		};
/* End PBXSourcesBuildPhase section */

/* Begin PBXVariantGroup section */
		468F1A201C4F63BB004AF966 /* Main.storyboard */ = {
			isa = PBXVariantGroup;
			children = (
				468F1A211C4F63BB004AF966 /* Base */,
			);
			name = Main.storyboard;
			path = .;
			sourceTree = "<group>";
		};
		468F1A251C4F63BB004AF966 /* LaunchScreen.storyboard */ = {
			isa = PBXVariantGroup;
			children = (
				468F1A261C4F63BB004AF966 /* Base */,
			);
			name = LaunchScreen.storyboard;
			path = .;
			sourceTree = "<group>";
		};
/* End PBXVariantGroup section */

/* Begin XCBuildConfiguration section */
		468F1A291C4F63BB004AF966 /* Debug */ = {
			isa = XCBuildConfiguration;
			buildSettings = {
				ALWAYS_SEARCH_USER_PATHS = NO;
				CLANG_CXX_LANGUAGE_STANDARD = "gnu++0x";
				CLANG_CXX_LIBRARY = "libc++";
				CLANG_ENABLE_MODULES = YES;
				CLANG_ENABLE_OBJC_ARC = YES;
				CLANG_WARN_BOOL_CONVERSION = YES;
				CLANG_WARN_CONSTANT_CONVERSION = YES;
				CLANG_WARN_DIRECT_OBJC_ISA_USAGE = YES_ERROR;
				CLANG_WARN_EMPTY_BODY = YES;
				CLANG_WARN_ENUM_CONVERSION = YES;
				CLANG_WARN_INT_CONVERSION = YES;
				CLANG_WARN_OBJC_ROOT_CLASS = YES_ERROR;
				CLANG_WARN_UNREACHABLE_CODE = YES;
				CLANG_WARN__DUPLICATE_METHOD_MATCH = YES;
				"CODE_SIGN_IDENTITY[sdk=iphoneos*]" = "iPhone Developer";
				COPY_PHASE_STRIP = NO;
				DEBUG_INFORMATION_FORMAT = dwarf;
				ENABLE_STRICT_OBJC_MSGSEND = YES;
				ENABLE_TESTABILITY = YES;
				GCC_C_LANGUAGE_STANDARD = gnu99;
				GCC_DYNAMIC_NO_PIC = NO;
				GCC_NO_COMMON_BLOCKS = YES;
				GCC_OPTIMIZATION_LEVEL = 0;
				GCC_PREPROCESSOR_DEFINITIONS = (
					"DEBUG=1",
					"$(inherited)",
				);
				GCC_WARN_64_TO_32_BIT_CONVERSION = YES;
				GCC_WARN_ABOUT_RETURN_TYPE = YES_ERROR;
				GCC_WARN_UNDECLARED_SELECTOR = YES;
				GCC_WARN_UNINITIALIZED_AUTOS = YES_AGGRESSIVE;
				GCC_WARN_UNUSED_FUNCTION = YES;
				GCC_WARN_UNUSED_VARIABLE = YES;
				IPHONEOS_DEPLOYMENT_TARGET = 7.0;
				MTL_ENABLE_DEBUG_INFO = YES;
				ONLY_ACTIVE_ARCH = YES;
				SDKROOT = iphoneos;
				TARGETED_DEVICE_FAMILY = "1,2";
			};
			name = Debug;
		};
		468F1A2A1C4F63BB004AF966 /* Release */ = {
			isa = XCBuildConfiguration;
			buildSettings = {
				ALWAYS_SEARCH_USER_PATHS = NO;
				CLANG_CXX_LANGUAGE_STANDARD = "gnu++0x";
				CLANG_CXX_LIBRARY = "libc++";
				CLANG_ENABLE_MODULES = YES;
				CLANG_ENABLE_OBJC_ARC = YES;
				CLANG_WARN_BOOL_CONVERSION = YES;
				CLANG_WARN_CONSTANT_CONVERSION = YES;
				CLANG_WARN_DIRECT_OBJC_ISA_USAGE = YES_ERROR;
				CLANG_WARN_EMPTY_BODY = YES;
				CLANG_WARN_ENUM_CONVERSION = YES;
				CLANG_WARN_INT_CONVERSION = YES;
				CLANG_WARN_OBJC_ROOT_CLASS = YES_ERROR;
				CLANG_WARN_UNREACHABLE_CODE = YES;
				CLANG_WARN__DUPLICATE_METHOD_MATCH = YES;
				"CODE_SIGN_IDENTITY[sdk=iphoneos*]" = "iPhone Developer";
				COPY_PHASE_STRIP = NO;
				DEBUG_INFORMATION_FORMAT = "dwarf-with-dsym";
				ENABLE_NS_ASSERTIONS = NO;
				ENABLE_STRICT_OBJC_MSGSEND = YES;
				GCC_C_LANGUAGE_STANDARD = gnu99;
				GCC_NO_COMMON_BLOCKS = YES;
				GCC_WARN_64_TO_32_BIT_CONVERSION = YES;
				GCC_WARN_ABOUT_RETURN_TYPE = YES_ERROR;
				GCC_WARN_UNDECLARED_SELECTOR = YES;
				GCC_WARN_UNINITIALIZED_AUTOS = YES_AGGRESSIVE;
				GCC_WARN_UNUSED_FUNCTION = YES;
				GCC_WARN_UNUSED_VARIABLE = YES;
				IPHONEOS_DEPLOYMENT_TARGET = 7.0;
				MTL_ENABLE_DEBUG_INFO = NO;
				SDKROOT = iphoneos;
				TARGETED_DEVICE_FAMILY = "1,2";
				VALIDATE_PRODUCT = YES;
			};
			name = Release;
		};
		468F1A2C1C4F63BB004AF966 /* Debug */ = {
			isa = XCBuildConfiguration;
			baseConfigurationReference = 9F8F16D992CF4F50BF6EEA33 /* Pods.debug.xcconfig */;
			buildSettings = {
				ASSETCATALOG_COMPILER_APPICON_NAME = AppIcon;
				ASSETCATALOG_COMPILER_LAUNCHIMAGE_NAME = "Brand Assets";
				INFOPLIST_FILE = CHXNetworkingWrapper/Sample/Application/Info.plist;
				IPHONEOS_DEPLOYMENT_TARGET = 7.0;
				LD_RUNPATH_SEARCH_PATHS = "$(inherited) @executable_path/Frameworks";
				PRODUCT_BUNDLE_IDENTIFIER = com.foobar.CHXNetworkingWrapper;
				PRODUCT_NAME = "$(TARGET_NAME)";
			};
			name = Debug;
		};
		468F1A2D1C4F63BB004AF966 /* Release */ = {
			isa = XCBuildConfiguration;
			baseConfigurationReference = 9A41064E8BB616DD04CA5C43 /* Pods.release.xcconfig */;
			buildSettings = {
				ASSETCATALOG_COMPILER_APPICON_NAME = AppIcon;
				ASSETCATALOG_COMPILER_LAUNCHIMAGE_NAME = "Brand Assets";
				INFOPLIST_FILE = CHXNetworkingWrapper/Sample/Application/Info.plist;
				IPHONEOS_DEPLOYMENT_TARGET = 7.0;
				LD_RUNPATH_SEARCH_PATHS = "$(inherited) @executable_path/Frameworks";
				PRODUCT_BUNDLE_IDENTIFIER = com.foobar.CHXNetworkingWrapper;
				PRODUCT_NAME = "$(TARGET_NAME)";
			};
			name = Release;
		};
/* End XCBuildConfiguration section */

/* Begin XCConfigurationList section */
		468F1A0F1C4F63BB004AF966 /* Build configuration list for PBXProject "CHXNetworkingWrapper" */ = {
			isa = XCConfigurationList;
			buildConfigurations = (
				468F1A291C4F63BB004AF966 /* Debug */,
				468F1A2A1C4F63BB004AF966 /* Release */,
			);
			defaultConfigurationIsVisible = 0;
			defaultConfigurationName = Release;
		};
		468F1A2B1C4F63BB004AF966 /* Build configuration list for PBXNativeTarget "CHXNetworkingWrapper" */ = {
			isa = XCConfigurationList;
			buildConfigurations = (
				468F1A2C1C4F63BB004AF966 /* Debug */,
				468F1A2D1C4F63BB004AF966 /* Release */,
			);
			defaultConfigurationIsVisible = 0;
			defaultConfigurationName = Release;
		};
/* End XCConfigurationList section */
	};
	rootObject = 468F1A0C1C4F63BB004AF966 /* Project object */;
}
